
Microsoft Visual Studio Solution File, Format Version 12.00
# Visual Studio Version 17
VisualStudioVersion = 17.8.34408.163
MinimumVisualStudioVersion = 10.0.40219.1
Project("{FAE04EC0-301F-11D3-BF4B-00C04F79EFBC}") = "tips", "tips\tips.csproj", "{A18F1EA9-3DE6-4D0F-897F-74ACB7B52759}"
EndProject
Global
	GlobalSection(SolutionConfigurationPlatforms) = preSolution
		Debug|Any CPU = Debug|Any CPU
		Release|Any CPU = Release|Any CPU
	EndGlobalSection
	GlobalSection(ProjectConfigurationPlatforms) = postSolution
		{A18F1EA9-3DE6-4D0F-897F-74ACB7B52759}.Debug|Any CPU.ActiveCfg = Debug|Any CPU
		{A18F1EA9-3DE6-4D0F-897F-74ACB7B52759}.Debug|Any CPU.Build.0 = Debug|Any CPU
		{A18F1EA9-3DE6-4D0F-897F-74ACB7B52759}.Release|Any CPU.ActiveCfg = Release|Any CPU
		{A18F1EA9-3DE6-4D0F-897F-74ACB7B52759}.Release|Any CPU.Build.0 = Release|Any CPU
	EndGlobalSection
	GlobalSection(SolutionProperties) = preSolution
		HideSolutionNode = FALSE
	EndGlobalSection
	GlobalSection(ExtensibilityGlobals) = postSolution
		SolutionGuid = {0F9D65B8-B2DB-4789-A397-5667B8962E36}
	EndGlobalSection
EndGlobal
